
Microsoft Visual Studio Solution File, Format Version 12.00
# Visual Studio Version 17
VisualStudioVersion = 17.3.32901.215
MinimumVisualStudioVersion = 10.0.40219.1
Project("{9A19103F-16F7-4668-BE54-9A1E7A4F7556}") = "HollowTwitch.CustomKnight", "HollowTwitch.CustomKnight\HollowTwitch.CustomKnight.csproj", "{4BF6F7DC-4509-4148-86E7-2E1511C478F4}"
EndProject
Project("{FAE04EC0-301F-11D3-BF4B-00C04F79EFBC}") = "HollowTwitch.Common", "HollowTwitch.Common\HollowTwitch.Common.csproj", "{9CD982ED-F454-47CF-BE59-CCCB8B4C036F}"
EndProject
Project("{FAE04EC0-301F-11D3-BF4B-00C04F79EFBC}") = "HollowTwitch.BuiltIn", "HollowTwitch.BuiltIn\HollowTwitch.BuiltIn.csproj", "{C1848593-06C8-4FF0-A1CC-959A61E8158A}"
EndProject
Global
	GlobalSection(SolutionConfigurationPlatforms) = preSolution
		Debug|Any CPU = Debug|Any CPU
		Release|Any CPU = Release|Any CPU
	EndGlobalSection
	GlobalSection(ProjectConfigurationPlatforms) = postSolution
		{4BF6F7DC-4509-4148-86E7-2E1511C478F4}.Debug|Any CPU.ActiveCfg = Debug|Any CPU
		{4BF6F7DC-4509-4148-86E7-2E1511C478F4}.Debug|Any CPU.Build.0 = Debug|Any CPU
		{4BF6F7DC-4509-4148-86E7-2E1511C478F4}.Release|Any CPU.ActiveCfg = Release|Any CPU
		{4BF6F7DC-4509-4148-86E7-2E1511C478F4}.Release|Any CPU.Build.0 = Release|Any CPU
		{9CD982ED-F454-47CF-BE59-CCCB8B4C036F}.Debug|Any CPU.ActiveCfg = Debug|Any CPU
		{9CD982ED-F454-47CF-BE59-CCCB8B4C036F}.Debug|Any CPU.Build.0 = Debug|Any CPU
		{9CD982ED-F454-47CF-BE59-CCCB8B4C036F}.Release|Any CPU.ActiveCfg = Release|Any CPU
		{9CD982ED-F454-47CF-BE59-CCCB8B4C036F}.Release|Any CPU.Build.0 = Release|Any CPU
		{C1848593-06C8-4FF0-A1CC-959A61E8158A}.Debug|Any CPU.ActiveCfg = Debug|Any CPU
		{C1848593-06C8-4FF0-A1CC-959A61E8158A}.Debug|Any CPU.Build.0 = Debug|Any CPU
		{C1848593-06C8-4FF0-A1CC-959A61E8158A}.Release|Any CPU.ActiveCfg = Release|Any CPU
		{C1848593-06C8-4FF0-A1CC-959A61E8158A}.Release|Any CPU.Build.0 = Release|Any CPU
	EndGlobalSection
	GlobalSection(SolutionProperties) = preSolution
		HideSolutionNode = FALSE
	EndGlobalSection
	GlobalSection(ExtensibilityGlobals) = postSolution
		SolutionGuid = {7CF32FA3-CE55-4C21-92C7-8992E9969A8A}
	EndGlobalSection
EndGlobal
